
Microsoft Visual Studio Solution File, Format Version 12.00
# Visual Studio 14
VisualStudioVersion = 14.0.25420.1
MinimumVisualStudioVersion = 10.0.40219.1
Project("{FAE04EC0-301F-11D3-BF4B-00C04F79EFBC}") = "Problem 1. Sum and Average", "Problem 1. Sum and Average\Problem 1. Sum and Average.csproj", "{2899B0BF-D2C3-4B97-A7E7-246AD5147D26}"
EndProject
Project("{FAE04EC0-301F-11D3-BF4B-00C04F79EFBC}") = "Problem 2. Sort Words", "Problem 2. Sort Words\Problem 2. Sort Words.csproj", "{71EDA8A2-84B5-438B-B74A-20BFD201C758}"
EndProject
Project("{FAE04EC0-301F-11D3-BF4B-00C04F79EFBC}") = "Problem 3. Longest Subsequence", "Problem 3. Longest Subsequence\Problem 3. Longest Subsequence.csproj", "{1AD5BC24-DA7F-4442-8DEE-3349105A025C}"
EndProject
Project("{FAE04EC0-301F-11D3-BF4B-00C04F79EFBC}") = "Problem 4. Remove Odd Occurrences", "Problem 4. Remove Odd Occurrences\Problem 4. Remove Odd Occurrences.csproj", "{B021D842-7B17-4918-ABEC-0C395E974867}"
EndProject
Project("{FAE04EC0-301F-11D3-BF4B-00C04F79EFBC}") = "Problem 5. Count of Occurrences", "Problem 5. Count of Occurrences\Problem 5. Count of Occurrences.csproj", "{040DBCB1-CE7A-4730-897B-388B9F3AFF35}"
EndProject
Project("{FAE04EC0-301F-11D3-BF4B-00C04F79EFBC}") = "Problem6", "Problem6\Problem6.csproj", "{E2CAB2AD-3951-42FF-B9EA-57ACE8125372}"
EndProject
Project("{FAE04EC0-301F-11D3-BF4B-00C04F79EFBC}") = "Problem 7", "Problem 7\Problem 7.csproj", "{5AD5FA74-4A85-4918-A629-C81EE6814F80}"
EndProject
Global
	GlobalSection(SolutionConfigurationPlatforms) = preSolution
		Debug|Any CPU = Debug|Any CPU
		Release|Any CPU = Release|Any CPU
	EndGlobalSection
	GlobalSection(ProjectConfigurationPlatforms) = postSolution
		{2899B0BF-D2C3-4B97-A7E7-246AD5147D26}.Debug|Any CPU.ActiveCfg = Debug|Any CPU
		{2899B0BF-D2C3-4B97-A7E7-246AD5147D26}.Debug|Any CPU.Build.0 = Debug|Any CPU
		{2899B0BF-D2C3-4B97-A7E7-246AD5147D26}.Release|Any CPU.ActiveCfg = Release|Any CPU
		{2899B0BF-D2C3-4B97-A7E7-246AD5147D26}.Release|Any CPU.Build.0 = Release|Any CPU
		{71EDA8A2-84B5-438B-B74A-20BFD201C758}.Debug|Any CPU.ActiveCfg = Debug|Any CPU
		{71EDA8A2-84B5-438B-B74A-20BFD201C758}.Debug|Any CPU.Build.0 = Debug|Any CPU
		{71EDA8A2-84B5-438B-B74A-20BFD201C758}.Release|Any CPU.ActiveCfg = Release|Any CPU
		{71EDA8A2-84B5-438B-B74A-20BFD201C758}.Release|Any CPU.Build.0 = Release|Any CPU
		{1AD5BC24-DA7F-4442-8DEE-3349105A025C}.Debug|Any CPU.ActiveCfg = Debug|Any CPU
		{1AD5BC24-DA7F-4442-8DEE-3349105A025C}.Debug|Any CPU.Build.0 = Debug|Any CPU
		{1AD5BC24-DA7F-4442-8DEE-3349105A025C}.Release|Any CPU.ActiveCfg = Release|Any CPU
		{1AD5BC24-DA7F-4442-8DEE-3349105A025C}.Release|Any CPU.Build.0 = Release|Any CPU
		{B021D842-7B17-4918-ABEC-0C395E974867}.Debug|Any CPU.ActiveCfg = Debug|Any CPU
		{B021D842-7B17-4918-ABEC-0C395E974867}.Debug|Any CPU.Build.0 = Debug|Any CPU
		{B021D842-7B17-4918-ABEC-0C395E974867}.Release|Any CPU.ActiveCfg = Release|Any CPU
		{B021D842-7B17-4918-ABEC-0C395E974867}.Release|Any CPU.Build.0 = Release|Any CPU
		{040DBCB1-CE7A-4730-897B-388B9F3AFF35}.Debug|Any CPU.ActiveCfg = Debug|Any CPU
		{040DBCB1-CE7A-4730-897B-388B9F3AFF35}.Debug|Any CPU.Build.0 = Debug|Any CPU
		{040DBCB1-CE7A-4730-897B-388B9F3AFF35}.Release|Any CPU.ActiveCfg = Release|Any CPU
		{040DBCB1-CE7A-4730-897B-388B9F3AFF35}.Release|Any CPU.Build.0 = Release|Any CPU
		{E2CAB2AD-3951-42FF-B9EA-57ACE8125372}.Debug|Any CPU.ActiveCfg = Debug|Any CPU
		{E2CAB2AD-3951-42FF-B9EA-57ACE8125372}.Debug|Any CPU.Build.0 = Debug|Any CPU
		{E2CAB2AD-3951-42FF-B9EA-57ACE8125372}.Release|Any CPU.ActiveCfg = Release|Any CPU
		{E2CAB2AD-3951-42FF-B9EA-57ACE8125372}.Release|Any CPU.Build.0 = Release|Any CPU
		{5AD5FA74-4A85-4918-A629-C81EE6814F80}.Debug|Any CPU.ActiveCfg = Debug|Any CPU
		{5AD5FA74-4A85-4918-A629-C81EE6814F80}.Debug|Any CPU.Build.0 = Debug|Any CPU
		{5AD5FA74-4A85-4918-A629-C81EE6814F80}.Release|Any CPU.ActiveCfg = Release|Any CPU
		{5AD5FA74-4A85-4918-A629-C81EE6814F80}.Release|Any CPU.Build.0 = Release|Any CPU
	EndGlobalSection
	GlobalSection(SolutionProperties) = preSolution
		HideSolutionNode = FALSE
	EndGlobalSection
EndGlobal
