
Microsoft Visual Studio Solution File, Format Version 12.00
# Visual Studio 14
VisualStudioVersion = 14.0.25420.1
MinimumVisualStudioVersion = 10.0.40219.1
Project("{FAE04EC0-301F-11D3-BF4B-00C04F79EFBC}") = "DoublyLinkedList", "DoublyLinkedList\DoublyLinkedList.csproj", "{2CB50F92-35AF-47E5-BA6F-02446AACD536}"
EndProject
Project("{FAE04EC0-301F-11D3-BF4B-00C04F79EFBC}") = "DoublyLinkedList.Tests", "DoublyLinkedList.Tests\DoublyLinkedList.Tests.csproj", "{D852AD35-E7FC-499B-A913-11479BB76674}"
EndProject
Project("{FAE04EC0-301F-11D3-BF4B-00C04F79EFBC}") = "Homework", "Homework\Homework.csproj", "{EA274DBA-804B-4F75-9881-87882A55403D}"
EndProject
Project("{FAE04EC0-301F-11D3-BF4B-00C04F79EFBC}") = "HomeworkUnitTest", "HomeworkUnitTest\HomeworkUnitTest.csproj", "{0AA43775-1547-4484-B683-EE1350101E88}"
EndProject
Global
	GlobalSection(SolutionConfigurationPlatforms) = preSolution
		Debug|Any CPU = Debug|Any CPU
		Release|Any CPU = Release|Any CPU
	EndGlobalSection
	GlobalSection(ProjectConfigurationPlatforms) = postSolution
		{2CB50F92-35AF-47E5-BA6F-02446AACD536}.Debug|Any CPU.ActiveCfg = Debug|Any CPU
		{2CB50F92-35AF-47E5-BA6F-02446AACD536}.Debug|Any CPU.Build.0 = Debug|Any CPU
		{2CB50F92-35AF-47E5-BA6F-02446AACD536}.Release|Any CPU.ActiveCfg = Release|Any CPU
		{2CB50F92-35AF-47E5-BA6F-02446AACD536}.Release|Any CPU.Build.0 = Release|Any CPU
		{D852AD35-E7FC-499B-A913-11479BB76674}.Debug|Any CPU.ActiveCfg = Debug|Any CPU
		{D852AD35-E7FC-499B-A913-11479BB76674}.Debug|Any CPU.Build.0 = Debug|Any CPU
		{D852AD35-E7FC-499B-A913-11479BB76674}.Release|Any CPU.ActiveCfg = Release|Any CPU
		{D852AD35-E7FC-499B-A913-11479BB76674}.Release|Any CPU.Build.0 = Release|Any CPU
		{EA274DBA-804B-4F75-9881-87882A55403D}.Debug|Any CPU.ActiveCfg = Debug|Any CPU
		{EA274DBA-804B-4F75-9881-87882A55403D}.Debug|Any CPU.Build.0 = Debug|Any CPU
		{EA274DBA-804B-4F75-9881-87882A55403D}.Release|Any CPU.ActiveCfg = Release|Any CPU
		{EA274DBA-804B-4F75-9881-87882A55403D}.Release|Any CPU.Build.0 = Release|Any CPU
		{0AA43775-1547-4484-B683-EE1350101E88}.Debug|Any CPU.ActiveCfg = Debug|Any CPU
		{0AA43775-1547-4484-B683-EE1350101E88}.Debug|Any CPU.Build.0 = Debug|Any CPU
		{0AA43775-1547-4484-B683-EE1350101E88}.Release|Any CPU.ActiveCfg = Release|Any CPU
		{0AA43775-1547-4484-B683-EE1350101E88}.Release|Any CPU.Build.0 = Release|Any CPU
	EndGlobalSection
	GlobalSection(SolutionProperties) = preSolution
		HideSolutionNode = FALSE
	EndGlobalSection
EndGlobal
